// !$*UTF8*$!
{
	archiveVersion = 1;
	classes = {
	};
	objectVersion = 50;
	objects = {

/* Begin PBXBuildFile section */
		8147699C23AB769200182023 /* RenderPipelineStateLibrary.swift in Sources */ = {isa = PBXBuildFile; fileRef = 8147699B23AB769200182023 /* RenderPipelineStateLibrary.swift */; };
		8147699F23AB7AFE00182023 /* GameObject.swift in Sources */ = {isa = PBXBuildFile; fileRef = 8147699E23AB7AFE00182023 /* GameObject.swift */; };
		814769A123AB7FB900182023 /* Renderer.swift in Sources */ = {isa = PBXBuildFile; fileRef = 814769A023AB7FB900182023 /* Renderer.swift */; };
		817335E223AB50580086F34E /* GameView.swift in Sources */ = {isa = PBXBuildFile; fileRef = 817335E123AB50580086F34E /* GameView.swift */; };
		817335E423AB50930086F34E /* Engine.swift in Sources */ = {isa = PBXBuildFile; fileRef = 817335E323AB50930086F34E /* Engine.swift */; };
		817335E623AB54FF0086F34E /* Prefrences.swift in Sources */ = {isa = PBXBuildFile; fileRef = 817335E523AB54FF0086F34E /* Prefrences.swift */; };
		817335E823AB576B0086F34E /* ShaderLibrary.swift in Sources */ = {isa = PBXBuildFile; fileRef = 817335E723AB576B0086F34E /* ShaderLibrary.swift */; };
		817335EA23AB65220086F34E /* VertexDescriptorLibrary.swift in Sources */ = {isa = PBXBuildFile; fileRef = 817335E923AB65220086F34E /* VertexDescriptorLibrary.swift */; };
		817335EC23AB6D710086F34E /* RenderPiplineDescriptorLibrary.swift in Sources */ = {isa = PBXBuildFile; fileRef = 817335EB23AB6D710086F34E /* RenderPiplineDescriptorLibrary.swift */; };
		8187AFD123A1104C004A4CD0 /* AppDelegate.swift in Sources */ = {isa = PBXBuildFile; fileRef = 8187AFD023A1104C004A4CD0 /* AppDelegate.swift */; };
		8187AFD323A1104C004A4CD0 /* SceneDelegate.swift in Sources */ = {isa = PBXBuildFile; fileRef = 8187AFD223A1104C004A4CD0 /* SceneDelegate.swift */; };
		8187AFD523A1104C004A4CD0 /* ViewController.swift in Sources */ = {isa = PBXBuildFile; fileRef = 8187AFD423A1104C004A4CD0 /* ViewController.swift */; };
		8187AFD823A1104C004A4CD0 /* Main.storyboard in Resources */ = {isa = PBXBuildFile; fileRef = 8187AFD623A1104C004A4CD0 /* Main.storyboard */; };
		8187AFDA23A11050004A4CD0 /* Assets.xcassets in Resources */ = {isa = PBXBuildFile; fileRef = 8187AFD923A11050004A4CD0 /* Assets.xcassets */; };
		8187AFDD23A11050004A4CD0 /* LaunchScreen.storyboard in Resources */ = {isa = PBXBuildFile; fileRef = 8187AFDB23A11050004A4CD0 /* LaunchScreen.storyboard */; };
		8187AFE823A11051004A4CD0 /* MTLearnTests.swift in Sources */ = {isa = PBXBuildFile; fileRef = 8187AFE723A11051004A4CD0 /* MTLearnTests.swift */; };
		8187AFF323A11051004A4CD0 /* MTLearnUITests.swift in Sources */ = {isa = PBXBuildFile; fileRef = 8187AFF223A11051004A4CD0 /* MTLearnUITests.swift */; };
		8187B00123A13612004A4CD0 /* triangle.metal in Sources */ = {isa = PBXBuildFile; fileRef = 8187B00023A13612004A4CD0 /* triangle.metal */; };
		8187B00323A1E637004A4CD0 /* types.swift in Sources */ = {isa = PBXBuildFile; fileRef = 8187B00223A1E637004A4CD0 /* types.swift */; };
/* End PBXBuildFile section */

/* Begin PBXContainerItemProxy section */
		8187AFE423A11051004A4CD0 /* PBXContainerItemProxy */ = {
			isa = PBXContainerItemProxy;
			containerPortal = 8187AFC523A1104C004A4CD0 /* Project object */;
			proxyType = 1;
			remoteGlobalIDString = 8187AFCC23A1104C004A4CD0;
			remoteInfo = MTLearn;
		};
		8187AFEF23A11051004A4CD0 /* PBXContainerItemProxy */ = {
			isa = PBXContainerItemProxy;
			containerPortal = 8187AFC523A1104C004A4CD0 /* Project object */;
			proxyType = 1;
			remoteGlobalIDString = 8187AFCC23A1104C004A4CD0;
			remoteInfo = MTLearn;
		};
/* End PBXContainerItemProxy section */

/* Begin PBXFileReference section */
		8147699B23AB769200182023 /* RenderPipelineStateLibrary.swift */ = {isa = PBXFileReference; lastKnownFileType = sourcecode.swift; path = RenderPipelineStateLibrary.swift; sourceTree = "<group>"; };
		8147699E23AB7AFE00182023 /* GameObject.swift */ = {isa = PBXFileReference; lastKnownFileType = sourcecode.swift; path = GameObject.swift; sourceTree = "<group>"; };
		814769A023AB7FB900182023 /* Renderer.swift */ = {isa = PBXFileReference; lastKnownFileType = sourcecode.swift; path = Renderer.swift; sourceTree = "<group>"; };
		817335E123AB50580086F34E /* GameView.swift */ = {isa = PBXFileReference; lastKnownFileType = sourcecode.swift; path = GameView.swift; sourceTree = "<group>"; };
		817335E323AB50930086F34E /* Engine.swift */ = {isa = PBXFileReference; lastKnownFileType = sourcecode.swift; path = Engine.swift; sourceTree = "<group>"; };
		817335E523AB54FF0086F34E /* Prefrences.swift */ = {isa = PBXFileReference; lastKnownFileType = sourcecode.swift; path = Prefrences.swift; sourceTree = "<group>"; };
		817335E723AB576B0086F34E /* ShaderLibrary.swift */ = {isa = PBXFileReference; lastKnownFileType = sourcecode.swift; path = ShaderLibrary.swift; sourceTree = "<group>"; };
		817335E923AB65220086F34E /* VertexDescriptorLibrary.swift */ = {isa = PBXFileReference; lastKnownFileType = sourcecode.swift; path = VertexDescriptorLibrary.swift; sourceTree = "<group>"; };
		817335EB23AB6D710086F34E /* RenderPiplineDescriptorLibrary.swift */ = {isa = PBXFileReference; lastKnownFileType = sourcecode.swift; path = RenderPiplineDescriptorLibrary.swift; sourceTree = "<group>"; };
		8187AFCD23A1104C004A4CD0 /* MTLearn.app */ = {isa = PBXFileReference; explicitFileType = wrapper.application; includeInIndex = 0; path = MTLearn.app; sourceTree = BUILT_PRODUCTS_DIR; };
		8187AFD023A1104C004A4CD0 /* AppDelegate.swift */ = {isa = PBXFileReference; lastKnownFileType = sourcecode.swift; path = AppDelegate.swift; sourceTree = "<group>"; };
		8187AFD223A1104C004A4CD0 /* SceneDelegate.swift */ = {isa = PBXFileReference; lastKnownFileType = sourcecode.swift; path = SceneDelegate.swift; sourceTree = "<group>"; };
		8187AFD423A1104C004A4CD0 /* ViewController.swift */ = {isa = PBXFileReference; lastKnownFileType = sourcecode.swift; path = ViewController.swift; sourceTree = "<group>"; };
		8187AFD723A1104C004A4CD0 /* Base */ = {isa = PBXFileReference; lastKnownFileType = file.storyboard; name = Base; path = Base.lproj/Main.storyboard; sourceTree = "<group>"; };
		8187AFD923A11050004A4CD0 /* Assets.xcassets */ = {isa = PBXFileReference; lastKnownFileType = folder.assetcatalog; path = Assets.xcassets; sourceTree = "<group>"; };
		8187AFDC23A11050004A4CD0 /* Base */ = {isa = PBXFileReference; lastKnownFileType = file.storyboard; name = Base; path = Base.lproj/LaunchScreen.storyboard; sourceTree = "<group>"; };
		8187AFDE23A11050004A4CD0 /* Info.plist */ = {isa = PBXFileReference; lastKnownFileType = text.plist.xml; path = Info.plist; sourceTree = "<group>"; };
		8187AFE323A11051004A4CD0 /* MTLearnTests.xctest */ = {isa = PBXFileReference; explicitFileType = wrapper.cfbundle; includeInIndex = 0; path = MTLearnTests.xctest; sourceTree = BUILT_PRODUCTS_DIR; };
		8187AFE723A11051004A4CD0 /* MTLearnTests.swift */ = {isa = PBXFileReference; lastKnownFileType = sourcecode.swift; path = MTLearnTests.swift; sourceTree = "<group>"; };
		8187AFE923A11051004A4CD0 /* Info.plist */ = {isa = PBXFileReference; lastKnownFileType = text.plist.xml; path = Info.plist; sourceTree = "<group>"; };
		8187AFEE23A11051004A4CD0 /* MTLearnUITests.xctest */ = {isa = PBXFileReference; explicitFileType = wrapper.cfbundle; includeInIndex = 0; path = MTLearnUITests.xctest; sourceTree = BUILT_PRODUCTS_DIR; };
		8187AFF223A11051004A4CD0 /* MTLearnUITests.swift */ = {isa = PBXFileReference; lastKnownFileType = sourcecode.swift; path = MTLearnUITests.swift; sourceTree = "<group>"; };
		8187AFF423A11051004A4CD0 /* Info.plist */ = {isa = PBXFileReference; lastKnownFileType = text.plist.xml; path = Info.plist; sourceTree = "<group>"; };
		8187B00023A13612004A4CD0 /* triangle.metal */ = {isa = PBXFileReference; lastKnownFileType = sourcecode.metal; path = triangle.metal; sourceTree = "<group>"; };
		8187B00223A1E637004A4CD0 /* types.swift */ = {isa = PBXFileReference; lastKnownFileType = sourcecode.swift; path = types.swift; sourceTree = "<group>"; };
/* End PBXFileReference section */

/* Begin PBXFrameworksBuildPhase section */
		8187AFCA23A1104C004A4CD0 /* Frameworks */ = {
			isa = PBXFrameworksBuildPhase;
			buildActionMask = 2147483647;
			files = (
			);
			runOnlyForDeploymentPostprocessing = 0;
		};
		8187AFE023A11051004A4CD0 /* Frameworks */ = {
			isa = PBXFrameworksBuildPhase;
			buildActionMask = 2147483647;
			files = (
			);
			runOnlyForDeploymentPostprocessing = 0;
		};
		8187AFEB23A11051004A4CD0 /* Frameworks */ = {
			isa = PBXFrameworksBuildPhase;
			buildActionMask = 2147483647;
			files = (
			);
			runOnlyForDeploymentPostprocessing = 0;
		};
/* End PBXFrameworksBuildPhase section */

/* Begin PBXGroup section */
		8147699D23AB7AE000182023 /* Game Shizz */ = {
			isa = PBXGroup;
			children = (
				8147699E23AB7AFE00182023 /* GameObject.swift */,
			);
			path = "Game Shizz";
			sourceTree = "<group>";
		};
		817335DE23AB50070086F34E /* Libraries */ = {
			isa = PBXGroup;
			children = (
				817335E723AB576B0086F34E /* ShaderLibrary.swift */,
				817335E923AB65220086F34E /* VertexDescriptorLibrary.swift */,
				817335EB23AB6D710086F34E /* RenderPiplineDescriptorLibrary.swift */,
				8147699B23AB769200182023 /* RenderPipelineStateLibrary.swift */,
			);
			path = Libraries;
			sourceTree = "<group>";
		};
		817335DF23AB50200086F34E /* Core */ = {
			isa = PBXGroup;
			children = (
				8187B00223A1E637004A4CD0 /* types.swift */,
				817335E323AB50930086F34E /* Engine.swift */,
				817335E523AB54FF0086F34E /* Prefrences.swift */,
			);
			path = Core;
			sourceTree = "<group>";
		};
		817335E023AB504C0086F34E /* Display */ = {
			isa = PBXGroup;
			children = (
				817335E123AB50580086F34E /* GameView.swift */,
				814769A023AB7FB900182023 /* Renderer.swift */,
			);
			path = Display;
			sourceTree = "<group>";
		};
		8187AFC423A1104C004A4CD0 = {
			isa = PBXGroup;
			children = (
				8187AFCF23A1104C004A4CD0 /* MTLearn */,
				8187AFE623A11051004A4CD0 /* MTLearnTests */,
				8187AFF123A11051004A4CD0 /* MTLearnUITests */,
				8187AFCE23A1104C004A4CD0 /* Products */,
			);
			sourceTree = "<group>";
		};
		8187AFCE23A1104C004A4CD0 /* Products */ = {
			isa = PBXGroup;
			children = (
				8187AFCD23A1104C004A4CD0 /* MTLearn.app */,
				8187AFE323A11051004A4CD0 /* MTLearnTests.xctest */,
				8187AFEE23A11051004A4CD0 /* MTLearnUITests.xctest */,
			);
			name = Products;
			sourceTree = "<group>";
		};
		8187AFCF23A1104C004A4CD0 /* MTLearn */ = {
			isa = PBXGroup;
			children = (
				8147699D23AB7AE000182023 /* Game Shizz */,
				817335E023AB504C0086F34E /* Display */,
				817335DF23AB50200086F34E /* Core */,
				817335DE23AB50070086F34E /* Libraries */,
				8187AFD023A1104C004A4CD0 /* AppDelegate.swift */,
				8187AFD223A1104C004A4CD0 /* SceneDelegate.swift */,
				8187AFD423A1104C004A4CD0 /* ViewController.swift */,
				8187B00023A13612004A4CD0 /* triangle.metal */,
				8187AFD623A1104C004A4CD0 /* Main.storyboard */,
				8187AFD923A11050004A4CD0 /* Assets.xcassets */,
				8187AFDB23A11050004A4CD0 /* LaunchScreen.storyboard */,
				8187AFDE23A11050004A4CD0 /* Info.plist */,
			);
			path = MTLearn;
			sourceTree = "<group>";
		};
		8187AFE623A11051004A4CD0 /* MTLearnTests */ = {
			isa = PBXGroup;
			children = (
				8187AFE723A11051004A4CD0 /* MTLearnTests.swift */,
				8187AFE923A11051004A4CD0 /* Info.plist */,
			);
			path = MTLearnTests;
			sourceTree = "<group>";
		};
		8187AFF123A11051004A4CD0 /* MTLearnUITests */ = {
			isa = PBXGroup;
			children = (
				8187AFF223A11051004A4CD0 /* MTLearnUITests.swift */,
				8187AFF423A11051004A4CD0 /* Info.plist */,
			);
			path = MTLearnUITests;
			sourceTree = "<group>";
		};
/* End PBXGroup section */

/* Begin PBXNativeTarget section */
		8187AFCC23A1104C004A4CD0 /* MTLearn */ = {
			isa = PBXNativeTarget;
			buildConfigurationList = 8187AFF723A11051004A4CD0 /* Build configuration list for PBXNativeTarget "MTLearn" */;
			buildPhases = (
				8187AFC923A1104C004A4CD0 /* Sources */,
				8187AFCA23A1104C004A4CD0 /* Frameworks */,
				8187AFCB23A1104C004A4CD0 /* Resources */,
			);
			buildRules = (
			);
			dependencies = (
			);
			name = MTLearn;
			productName = MTLearn;
			productReference = 8187AFCD23A1104C004A4CD0 /* MTLearn.app */;
			productType = "com.apple.product-type.application";
		};
		8187AFE223A11051004A4CD0 /* MTLearnTests */ = {
			isa = PBXNativeTarget;
			buildConfigurationList = 8187AFFA23A11051004A4CD0 /* Build configuration list for PBXNativeTarget "MTLearnTests" */;
			buildPhases = (
				8187AFDF23A11051004A4CD0 /* Sources */,
				8187AFE023A11051004A4CD0 /* Frameworks */,
				8187AFE123A11051004A4CD0 /* Resources */,
			);
			buildRules = (
			);
			dependencies = (
				8187AFE523A11051004A4CD0 /* PBXTargetDependency */,
			);
			name = MTLearnTests;
			productName = MTLearnTests;
			productReference = 8187AFE323A11051004A4CD0 /* MTLearnTests.xctest */;
			productType = "com.apple.product-type.bundle.unit-test";
		};
		8187AFED23A11051004A4CD0 /* MTLearnUITests */ = {
			isa = PBXNativeTarget;
			buildConfigurationList = 8187AFFD23A11051004A4CD0 /* Build configuration list for PBXNativeTarget "MTLearnUITests" */;
			buildPhases = (
				8187AFEA23A11051004A4CD0 /* Sources */,
				8187AFEB23A11051004A4CD0 /* Frameworks */,
				8187AFEC23A11051004A4CD0 /* Resources */,
			);
			buildRules = (
			);
			dependencies = (
				8187AFF023A11051004A4CD0 /* PBXTargetDependency */,
			);
			name = MTLearnUITests;
			productName = MTLearnUITests;
			productReference = 8187AFEE23A11051004A4CD0 /* MTLearnUITests.xctest */;
			productType = "com.apple.product-type.bundle.ui-testing";
		};
/* End PBXNativeTarget section */

/* Begin PBXProject section */
		8187AFC523A1104C004A4CD0 /* Project object */ = {
			isa = PBXProject;
			attributes = {
				LastSwiftUpdateCheck = 1100;
				LastUpgradeCheck = 1100;
				ORGANIZATIONNAME = Ned;
				TargetAttributes = {
					8187AFCC23A1104C004A4CD0 = {
						CreatedOnToolsVersion = 11.0;
					};
					8187AFE223A11051004A4CD0 = {
						CreatedOnToolsVersion = 11.0;
						TestTargetID = 8187AFCC23A1104C004A4CD0;
					};
					8187AFED23A11051004A4CD0 = {
						CreatedOnToolsVersion = 11.0;
						TestTargetID = 8187AFCC23A1104C004A4CD0;
					};
				};
			};
			buildConfigurationList = 8187AFC823A1104C004A4CD0 /* Build configuration list for PBXProject "MTLearn" */;
			compatibilityVersion = "Xcode 9.3";
			developmentRegion = en;
			hasScannedForEncodings = 0;
			knownRegions = (
				en,
				Base,
			);
			mainGroup = 8187AFC423A1104C004A4CD0;
			productRefGroup = 8187AFCE23A1104C004A4CD0 /* Products */;
			projectDirPath = "";
			projectRoot = "";
			targets = (
				8187AFCC23A1104C004A4CD0 /* MTLearn */,
				8187AFE223A11051004A4CD0 /* MTLearnTests */,
				8187AFED23A11051004A4CD0 /* MTLearnUITests */,
			);
		};
/* End PBXProject section */

/* Begin PBXResourcesBuildPhase section */
		8187AFCB23A1104C004A4CD0 /* Resources */ = {
			isa = PBXResourcesBuildPhase;
			buildActionMask = 2147483647;
			files = (
				8187AFDD23A11050004A4CD0 /* LaunchScreen.storyboard in Resources */,
				8187AFDA23A11050004A4CD0 /* Assets.xcassets in Resources */,
				8187AFD823A1104C004A4CD0 /* Main.storyboard in Resources */,
			);
			runOnlyForDeploymentPostprocessing = 0;
		};
		8187AFE123A11051004A4CD0 /* Resources */ = {
			isa = PBXResourcesBuildPhase;
			buildActionMask = 2147483647;
			files = (
			);
			runOnlyForDeploymentPostprocessing = 0;
		};
		8187AFEC23A11051004A4CD0 /* Resources */ = {
			isa = PBXResourcesBuildPhase;
			buildActionMask = 2147483647;
			files = (
			);
			runOnlyForDeploymentPostprocessing = 0;
		};
/* End PBXResourcesBuildPhase section */

/* Begin PBXSourcesBuildPhase section */
		8187AFC923A1104C004A4CD0 /* Sources */ = {
			isa = PBXSourcesBuildPhase;
			buildActionMask = 2147483647;
			files = (
				817335EC23AB6D710086F34E /* RenderPiplineDescriptorLibrary.swift in Sources */,
				817335E623AB54FF0086F34E /* Prefrences.swift in Sources */,
				814769A123AB7FB900182023 /* Renderer.swift in Sources */,
				817335E823AB576B0086F34E /* ShaderLibrary.swift in Sources */,
				8187AFD523A1104C004A4CD0 /* ViewController.swift in Sources */,
				8147699F23AB7AFE00182023 /* GameObject.swift in Sources */,
				8187AFD123A1104C004A4CD0 /* AppDelegate.swift in Sources */,
				817335EA23AB65220086F34E /* VertexDescriptorLibrary.swift in Sources */,
				8147699C23AB769200182023 /* RenderPipelineStateLibrary.swift in Sources */,
				8187B00323A1E637004A4CD0 /* types.swift in Sources */,
				8187AFD323A1104C004A4CD0 /* SceneDelegate.swift in Sources */,
				817335E223AB50580086F34E /* GameView.swift in Sources */,
				8187B00123A13612004A4CD0 /* triangle.metal in Sources */,
				817335E423AB50930086F34E /* Engine.swift in Sources */,
			);
			runOnlyForDeploymentPostprocessing = 0;
		};
		8187AFDF23A11051004A4CD0 /* Sources */ = {
			isa = PBXSourcesBuildPhase;
			buildActionMask = 2147483647;
			files = (
				8187AFE823A11051004A4CD0 /* MTLearnTests.swift in Sources */,
			);
			runOnlyForDeploymentPostprocessing = 0;
		};
		8187AFEA23A11051004A4CD0 /* Sources */ = {
			isa = PBXSourcesBuildPhase;
			buildActionMask = 2147483647;
			files = (
				8187AFF323A11051004A4CD0 /* MTLearnUITests.swift in Sources */,
			);
			runOnlyForDeploymentPostprocessing = 0;
		};
/* End PBXSourcesBuildPhase section */

/* Begin PBXTargetDependency section */
		8187AFE523A11051004A4CD0 /* PBXTargetDependency */ = {
			isa = PBXTargetDependency;
			target = 8187AFCC23A1104C004A4CD0 /* MTLearn */;
			targetProxy = 8187AFE423A11051004A4CD0 /* PBXContainerItemProxy */;
		};
		8187AFF023A11051004A4CD0 /* PBXTargetDependency */ = {
			isa = PBXTargetDependency;
			target = 8187AFCC23A1104C004A4CD0 /* MTLearn */;
			targetProxy = 8187AFEF23A11051004A4CD0 /* PBXContainerItemProxy */;
		};
/* End PBXTargetDependency section */

/* Begin PBXVariantGroup section */
		8187AFD623A1104C004A4CD0 /* Main.storyboard */ = {
			isa = PBXVariantGroup;
			children = (
				8187AFD723A1104C004A4CD0 /* Base */,
			);
			name = Main.storyboard;
			sourceTree = "<group>";
		};
		8187AFDB23A11050004A4CD0 /* LaunchScreen.storyboard */ = {
			isa = PBXVariantGroup;
			children = (
				8187AFDC23A11050004A4CD0 /* Base */,
			);
			name = LaunchScreen.storyboard;
			sourceTree = "<group>";
		};
/* End PBXVariantGroup section */

/* Begin XCBuildConfiguration section */
		8187AFF523A11051004A4CD0 /* Debug */ = {
			isa = XCBuildConfiguration;
			buildSettings = {
				ALWAYS_SEARCH_USER_PATHS = NO;
				CLANG_ANALYZER_NONNULL = YES;
				CLANG_ANALYZER_NUMBER_OBJECT_CONVERSION = YES_AGGRESSIVE;
				CLANG_CXX_LANGUAGE_STANDARD = "gnu++14";
				CLANG_CXX_LIBRARY = "libc++";
				CLANG_ENABLE_MODULES = YES;
				CLANG_ENABLE_OBJC_ARC = YES;
				CLANG_ENABLE_OBJC_WEAK = YES;
				CLANG_WARN_BLOCK_CAPTURE_AUTORELEASING = YES;
				CLANG_WARN_BOOL_CONVERSION = YES;
				CLANG_WARN_COMMA = YES;
				CLANG_WARN_CONSTANT_CONVERSION = YES;
				CLANG_WARN_DEPRECATED_OBJC_IMPLEMENTATIONS = YES;
				CLANG_WARN_DIRECT_OBJC_ISA_USAGE = YES_ERROR;
				CLANG_WARN_DOCUMENTATION_COMMENTS = YES;
				CLANG_WARN_EMPTY_BODY = YES;
				CLANG_WARN_ENUM_CONVERSION = YES;
				CLANG_WARN_INFINITE_RECURSION = YES;
				CLANG_WARN_INT_CONVERSION = YES;
				CLANG_WARN_NON_LITERAL_NULL_CONVERSION = YES;
				CLANG_WARN_OBJC_IMPLICIT_RETAIN_SELF = YES;
				CLANG_WARN_OBJC_LITERAL_CONVERSION = YES;
				CLANG_WARN_OBJC_ROOT_CLASS = YES_ERROR;
				CLANG_WARN_RANGE_LOOP_ANALYSIS = YES;
				CLANG_WARN_STRICT_PROTOTYPES = YES;
				CLANG_WARN_SUSPICIOUS_MOVE = YES;
				CLANG_WARN_UNGUARDED_AVAILABILITY = YES_AGGRESSIVE;
				CLANG_WARN_UNREACHABLE_CODE = YES;
				CLANG_WARN__DUPLICATE_METHOD_MATCH = YES;
				COPY_PHASE_STRIP = NO;
				DEBUG_INFORMATION_FORMAT = dwarf;
				ENABLE_STRICT_OBJC_MSGSEND = YES;
				ENABLE_TESTABILITY = YES;
				GCC_C_LANGUAGE_STANDARD = gnu11;
				GCC_DYNAMIC_NO_PIC = NO;
				GCC_NO_COMMON_BLOCKS = YES;
				GCC_OPTIMIZATION_LEVEL = 0;
				GCC_PREPROCESSOR_DEFINITIONS = (
					"DEBUG=1",
					"$(inherited)",
				);
				GCC_WARN_64_TO_32_BIT_CONVERSION = YES;
				GCC_WARN_ABOUT_RETURN_TYPE = YES_ERROR;
				GCC_WARN_UNDECLARED_SELECTOR = YES;
				GCC_WARN_UNINITIALIZED_AUTOS = YES_AGGRESSIVE;
				GCC_WARN_UNUSED_FUNCTION = YES;
				GCC_WARN_UNUSED_VARIABLE = YES;
				IPHONEOS_DEPLOYMENT_TARGET = 13.0;
				MTL_ENABLE_DEBUG_INFO = INCLUDE_SOURCE;
				MTL_FAST_MATH = YES;
				ONLY_ACTIVE_ARCH = YES;
				SDKROOT = iphoneos;
				SWIFT_ACTIVE_COMPILATION_CONDITIONS = DEBUG;
				SWIFT_OPTIMIZATION_LEVEL = "-Onone";
			};
			name = Debug;
		};
		8187AFF623A11051004A4CD0 /* Release */ = {
			isa = XCBuildConfiguration;
			buildSettings = {
				ALWAYS_SEARCH_USER_PATHS = NO;
				CLANG_ANALYZER_NONNULL = YES;
				CLANG_ANALYZER_NUMBER_OBJECT_CONVERSION = YES_AGGRESSIVE;
				CLANG_CXX_LANGUAGE_STANDARD = "gnu++14";
				CLANG_CXX_LIBRARY = "libc++";
				CLANG_ENABLE_MODULES = YES;
				CLANG_ENABLE_OBJC_ARC = YES;
				CLANG_ENABLE_OBJC_WEAK = YES;
				CLANG_WARN_BLOCK_CAPTURE_AUTORELEASING = YES;
				CLANG_WARN_BOOL_CONVERSION = YES;
				CLANG_WARN_COMMA = YES;
				CLANG_WARN_CONSTANT_CONVERSION = YES;
				CLANG_WARN_DEPRECATED_OBJC_IMPLEMENTATIONS = YES;
				CLANG_WARN_DIRECT_OBJC_ISA_USAGE = YES_ERROR;
				CLANG_WARN_DOCUMENTATION_COMMENTS = YES;
				CLANG_WARN_EMPTY_BODY = YES;
				CLANG_WARN_ENUM_CONVERSION = YES;
				CLANG_WARN_INFINITE_RECURSION = YES;
				CLANG_WARN_INT_CONVERSION = YES;
				CLANG_WARN_NON_LITERAL_NULL_CONVERSION = YES;
				CLANG_WARN_OBJC_IMPLICIT_RETAIN_SELF = YES;
				CLANG_WARN_OBJC_LITERAL_CONVERSION = YES;
				CLANG_WARN_OBJC_ROOT_CLASS = YES_ERROR;
				CLANG_WARN_RANGE_LOOP_ANALYSIS = YES;
				CLANG_WARN_STRICT_PROTOTYPES = YES;
				CLANG_WARN_SUSPICIOUS_MOVE = YES;
				CLANG_WARN_UNGUARDED_AVAILABILITY = YES_AGGRESSIVE;
				CLANG_WARN_UNREACHABLE_CODE = YES;
				CLANG_WARN__DUPLICATE_METHOD_MATCH = YES;
				COPY_PHASE_STRIP = NO;
				DEBUG_INFORMATION_FORMAT = "dwarf-with-dsym";
				ENABLE_NS_ASSERTIONS = NO;
				ENABLE_STRICT_OBJC_MSGSEND = YES;
				GCC_C_LANGUAGE_STANDARD = gnu11;
				GCC_NO_COMMON_BLOCKS = YES;
				GCC_WARN_64_TO_32_BIT_CONVERSION = YES;
				GCC_WARN_ABOUT_RETURN_TYPE = YES_ERROR;
				GCC_WARN_UNDECLARED_SELECTOR = YES;
				GCC_WARN_UNINITIALIZED_AUTOS = YES_AGGRESSIVE;
				GCC_WARN_UNUSED_FUNCTION = YES;
				GCC_WARN_UNUSED_VARIABLE = YES;
				IPHONEOS_DEPLOYMENT_TARGET = 13.0;
				MTL_ENABLE_DEBUG_INFO = NO;
				MTL_FAST_MATH = YES;
				SDKROOT = iphoneos;
				SWIFT_COMPILATION_MODE = wholemodule;
				SWIFT_OPTIMIZATION_LEVEL = "-O";
				VALIDATE_PRODUCT = YES;
			};
			name = Release;
		};
		8187AFF823A11051004A4CD0 /* Debug */ = {
			isa = XCBuildConfiguration;
			buildSettings = {
				ASSETCATALOG_COMPILER_APPICON_NAME = AppIcon;
				CODE_SIGN_STYLE = Automatic;
				INFOPLIST_FILE = MTLearn/Info.plist;
				LD_RUNPATH_SEARCH_PATHS = (
					"$(inherited)",
					"@executable_path/Frameworks",
				);
				PRODUCT_BUNDLE_IDENTIFIER = com.Ned.MTLearn;
				PRODUCT_NAME = "$(TARGET_NAME)";
				SWIFT_VERSION = 5.0;
				TARGETED_DEVICE_FAMILY = "1,2";
			};
			name = Debug;
		};
		8187AFF923A11051004A4CD0 /* Release */ = {
			isa = XCBuildConfiguration;
			buildSettings = {
				ASSETCATALOG_COMPILER_APPICON_NAME = AppIcon;
				CODE_SIGN_STYLE = Automatic;
				INFOPLIST_FILE = MTLearn/Info.plist;
				LD_RUNPATH_SEARCH_PATHS = (
					"$(inherited)",
					"@executable_path/Frameworks",
				);
				PRODUCT_BUNDLE_IDENTIFIER = com.Ned.MTLearn;
				PRODUCT_NAME = "$(TARGET_NAME)";
				SWIFT_VERSION = 5.0;
				TARGETED_DEVICE_FAMILY = "1,2";
			};
			name = Release;
		};
		8187AFFB23A11051004A4CD0 /* Debug */ = {
			isa = XCBuildConfiguration;
			buildSettings = {
				ALWAYS_EMBED_SWIFT_STANDARD_LIBRARIES = YES;
				BUNDLE_LOADER = "$(TEST_HOST)";
				CODE_SIGN_STYLE = Automatic;
				INFOPLIST_FILE = MTLearnTests/Info.plist;
				IPHONEOS_DEPLOYMENT_TARGET = 13.0;
				LD_RUNPATH_SEARCH_PATHS = (
					"$(inherited)",
					"@executable_path/Frameworks",
					"@loader_path/Frameworks",
				);
				PRODUCT_BUNDLE_IDENTIFIER = com.Ned.MTLearnTests;
				PRODUCT_NAME = "$(TARGET_NAME)";
				SWIFT_VERSION = 5.0;
				TARGETED_DEVICE_FAMILY = "1,2";
				TEST_HOST = "$(BUILT_PRODUCTS_DIR)/MTLearn.app/MTLearn";
			};
			name = Debug;
		};
		8187AFFC23A11051004A4CD0 /* Release */ = {
			isa = XCBuildConfiguration;
			buildSettings = {
				ALWAYS_EMBED_SWIFT_STANDARD_LIBRARIES = YES;
				BUNDLE_LOADER = "$(TEST_HOST)";
				CODE_SIGN_STYLE = Automatic;
				INFOPLIST_FILE = MTLearnTests/Info.plist;
				IPHONEOS_DEPLOYMENT_TARGET = 13.0;
				LD_RUNPATH_SEARCH_PATHS = (
					"$(inherited)",
					"@executable_path/Frameworks",
					"@loader_path/Frameworks",
				);
				PRODUCT_BUNDLE_IDENTIFIER = com.Ned.MTLearnTests;
				PRODUCT_NAME = "$(TARGET_NAME)";
				SWIFT_VERSION = 5.0;
				TARGETED_DEVICE_FAMILY = "1,2";
				TEST_HOST = "$(BUILT_PRODUCTS_DIR)/MTLearn.app/MTLearn";
			};
			name = Release;
		};
		8187AFFE23A11051004A4CD0 /* Debug */ = {
			isa = XCBuildConfiguration;
			buildSettings = {
				ALWAYS_EMBED_SWIFT_STANDARD_LIBRARIES = YES;
				CODE_SIGN_STYLE = Automatic;
				INFOPLIST_FILE = MTLearnUITests/Info.plist;
				LD_RUNPATH_SEARCH_PATHS = (
					"$(inherited)",
					"@executable_path/Frameworks",
					"@loader_path/Frameworks",
				);
				PRODUCT_BUNDLE_IDENTIFIER = com.Ned.MTLearnUITests;
				PRODUCT_NAME = "$(TARGET_NAME)";
				SWIFT_VERSION = 5.0;
				TARGETED_DEVICE_FAMILY = "1,2";
				TEST_TARGET_NAME = MTLearn;
			};
			name = Debug;
		};
		8187AFFF23A11051004A4CD0 /* Release */ = {
			isa = XCBuildConfiguration;
			buildSettings = {
				ALWAYS_EMBED_SWIFT_STANDARD_LIBRARIES = YES;
				CODE_SIGN_STYLE = Automatic;
				INFOPLIST_FILE = MTLearnUITests/Info.plist;
				LD_RUNPATH_SEARCH_PATHS = (
					"$(inherited)",
					"@executable_path/Frameworks",
					"@loader_path/Frameworks",
				);
				PRODUCT_BUNDLE_IDENTIFIER = com.Ned.MTLearnUITests;
				PRODUCT_NAME = "$(TARGET_NAME)";
				SWIFT_VERSION = 5.0;
				TARGETED_DEVICE_FAMILY = "1,2";
				TEST_TARGET_NAME = MTLearn;
			};
			name = Release;
		};
/* End XCBuildConfiguration section */

/* Begin XCConfigurationList section */
		8187AFC823A1104C004A4CD0 /* Build configuration list for PBXProject "MTLearn" */ = {
			isa = XCConfigurationList;
			buildConfigurations = (
				8187AFF523A11051004A4CD0 /* Debug */,
				8187AFF623A11051004A4CD0 /* Release */,
			);
			defaultConfigurationIsVisible = 0;
			defaultConfigurationName = Release;
		};
		8187AFF723A11051004A4CD0 /* Build configuration list for PBXNativeTarget "MTLearn" */ = {
			isa = XCConfigurationList;
			buildConfigurations = (
				8187AFF823A11051004A4CD0 /* Debug */,
				8187AFF923A11051004A4CD0 /* Release */,
			);
			defaultConfigurationIsVisible = 0;
			defaultConfigurationName = Release;
		};
		8187AFFA23A11051004A4CD0 /* Build configuration list for PBXNativeTarget "MTLearnTests" */ = {
			isa = XCConfigurationList;
			buildConfigurations = (
				8187AFFB23A11051004A4CD0 /* Debug */,
				8187AFFC23A11051004A4CD0 /* Release */,
			);
			defaultConfigurationIsVisible = 0;
			defaultConfigurationName = Release;
		};
		8187AFFD23A11051004A4CD0 /* Build configuration list for PBXNativeTarget "MTLearnUITests" */ = {
			isa = XCConfigurationList;
			buildConfigurations = (
				8187AFFE23A11051004A4CD0 /* Debug */,
				8187AFFF23A11051004A4CD0 /* Release */,
			);
			defaultConfigurationIsVisible = 0;
			defaultConfigurationName = Release;
		};
/* End XCConfigurationList section */
	};
	rootObject = 8187AFC523A1104C004A4CD0 /* Project object */;
}
